
Microsoft Visual Studio Solution File, Format Version 12.00
# Visual Studio Version 17
VisualStudioVersion = 17.4.33110.190
MinimumVisualStudioVersion = 10.0.40219.1
Project("{9A19103F-16F7-4668-BE54-9A1E7A4F7556}") = "Task64", "Task64\Task64.csproj", "{41047B20-5FC3-4928-878F-8158FE737AF6}"
EndProject
Project("{FAE04EC0-301F-11D3-BF4B-00C04F79EFBC}") = "Task66", "Task66\Task66.csproj", "{EDF1640C-635F-4573-8B33-7C92A1274EE7}"
EndProject
Global
	GlobalSection(SolutionConfigurationPlatforms) = preSolution
		Debug|Any CPU = Debug|Any CPU
		Release|Any CPU = Release|Any CPU
	EndGlobalSection
	GlobalSection(ProjectConfigurationPlatforms) = postSolution
		{41047B20-5FC3-4928-878F-8158FE737AF6}.Debug|Any CPU.ActiveCfg = Debug|Any CPU
		{41047B20-5FC3-4928-878F-8158FE737AF6}.Debug|Any CPU.Build.0 = Debug|Any CPU
		{41047B20-5FC3-4928-878F-8158FE737AF6}.Release|Any CPU.ActiveCfg = Release|Any CPU
		{41047B20-5FC3-4928-878F-8158FE737AF6}.Release|Any CPU.Build.0 = Release|Any CPU
		{EDF1640C-635F-4573-8B33-7C92A1274EE7}.Debug|Any CPU.ActiveCfg = Debug|Any CPU
		{EDF1640C-635F-4573-8B33-7C92A1274EE7}.Debug|Any CPU.Build.0 = Debug|Any CPU
		{EDF1640C-635F-4573-8B33-7C92A1274EE7}.Release|Any CPU.ActiveCfg = Release|Any CPU
		{EDF1640C-635F-4573-8B33-7C92A1274EE7}.Release|Any CPU.Build.0 = Release|Any CPU
	EndGlobalSection
	GlobalSection(SolutionProperties) = preSolution
		HideSolutionNode = FALSE
	EndGlobalSection
	GlobalSection(ExtensibilityGlobals) = postSolution
		SolutionGuid = {CCCE40D5-47D1-470E-A1C8-DF148335516C}
	EndGlobalSection
EndGlobal
